
Microsoft Visual Studio Solution File, Format Version 12.00
# Visual Studio Version 17
VisualStudioVersion = 17.5.33530.505
MinimumVisualStudioVersion = 10.0.40219.1
Project("{2150E333-8FDC-42A3-9474-1A3956D46DE8}") = "Solution Items", "Solution Items", "{EFD43A55-F8CF-47B9-A5E6-3E20E4D9F4BF}"
	ProjectSection(SolutionItems) = preProject
		.gitignore = .gitignore
		NeuroBabel.config = NeuroBabel.config
		NeuroBabel.manifest = NeuroBabel.manifest
		README.md = README.md
	EndProjectSection
EndProject
Project("{2150E333-8FDC-42A3-9474-1A3956D46DE8}") = "Root", "Root", "{F00EA808-62E5-4A3B-9CC6-2EE5ACD264FE}"
EndProject
Project("{2150E333-8FDC-42A3-9474-1A3956D46DE8}") = "Babel", "Babel", "{9C81CF6A-D502-46DC-BEE2-62F3FB9F8816}"
	ProjectSection(SolutionItems) = preProject
		Root\Babel\Babel.cssx = Root\Babel\Babel.cssx
		Root\Babel\Babel.js = Root\Babel\Babel.js
		Root\Babel\Index.md = Root\Babel\Index.md
		Root\Babel\Master.md = Root\Babel\Master.md
		Root\Babel\Menu.md = Root\Babel\Menu.md
	EndProjectSection
EndProject
Project("{2150E333-8FDC-42A3-9474-1A3956D46DE8}") = "Api", "Api", "{FE725C91-B48B-4691-83DB-82DF62F04133}"
	ProjectSection(SolutionItems) = preProject
		Root\Babel\Api\PreviewMessage.ws = Root\Babel\Api\PreviewMessage.ws
		Root\Babel\Api\SendMessage.ws = Root\Babel\Api\SendMessage.ws
		Root\Babel\Api\Upload.ws = Root\Babel\Api\Upload.ws
	EndProjectSection
EndProject
Global
	GlobalSection(SolutionProperties) = preSolution
		HideSolutionNode = FALSE
	EndGlobalSection
	GlobalSection(NestedProjects) = preSolution
		{9C81CF6A-D502-46DC-BEE2-62F3FB9F8816} = {F00EA808-62E5-4A3B-9CC6-2EE5ACD264FE}
		{FE725C91-B48B-4691-83DB-82DF62F04133} = {9C81CF6A-D502-46DC-BEE2-62F3FB9F8816}
	EndGlobalSection
	GlobalSection(ExtensibilityGlobals) = postSolution
		SolutionGuid = {4D0A5861-E31B-4A87-918C-E48F82CEF8D5}
	EndGlobalSection
EndGlobal
